
Microsoft Visual Studio Solution File, Format Version 12.00
# Visual Studio 15
VisualStudioVersion = 15.0.28010.2050
MinimumVisualStudioVersion = 10.0.40219.1
Project("{8BC9CEB8-8B4A-11D0-8D11-00A0C91BC942}") = "test", "test.vcxproj", "{088064E5-F43F-4F72-8FAA-24B3F9B4E311}"
EndProject
Global
	GlobalSection(SolutionConfigurationPlatforms) = preSolution
		Debug|x64 = Debug|x64
		Release|x64 = Release|x64
	EndGlobalSection
	GlobalSection(ProjectConfigurationPlatforms) = postSolution
		{088064E5-F43F-4F72-8FAA-24B3F9B4E311}.Debug|x64.ActiveCfg = Debug|x64
		{088064E5-F43F-4F72-8FAA-24B3F9B4E311}.Debug|x64.Build.0 = Debug|x64
		{088064E5-F43F-4F72-8FAA-24B3F9B4E311}.Release|x64.ActiveCfg = Release|x64
		{088064E5-F43F-4F72-8FAA-24B3F9B4E311}.Release|x64.Build.0 = Release|x64
	EndGlobalSection
	GlobalSection(SolutionProperties) = preSolution
		HideSolutionNode = FALSE
	EndGlobalSection
	GlobalSection(ExtensibilityGlobals) = postSolution
		SolutionGuid = {4DB12B78-585D-4452-94E1-398C22ADA72E}
	EndGlobalSection
EndGlobal
