
Microsoft Visual Studio Solution File, Format Version 12.00
# Visual Studio 15
VisualStudioVersion = 15.0.28010.2050
MinimumVisualStudioVersion = 10.0.40219.1
Project("{2150E333-8FDC-42A3-9474-1A3956D46DE8}") = "3rd_party", "3rd_party", "{D46159FA-C744-4BEC-8CB6-CD801DDF7883}"
EndProject
Project("{8BC9CEB8-8B4A-11D0-8D11-00A0C91BC942}") = "glfw", "3rd_party\glfw\build\glfw.vcxproj", "{E9F585C7-563C-3DB0-9CA0-9142ACAB6ADA}"
EndProject
Project("{8BC9CEB8-8B4A-11D0-8D11-00A0C91BC942}") = "imgui", "3rd_party\imgui\build\imgui.vcxproj", "{87C5D918-DE1B-43D4-9227-2EE71C8B02D2}"
EndProject
Project("{8BC9CEB8-8B4A-11D0-8D11-00A0C91BC942}") = "glew", "3rd_party\glew\glew.vcxproj", "{EE0CA6C2-EAE2-4C71-9F4A-77F2805BF9BD}"
EndProject
Project("{8BC9CEB8-8B4A-11D0-8D11-00A0C91BC942}") = "example_imgui", "examples\example_imgui\example_imgui.vcxproj", "{4A1FB5EA-22F5-42A8-AB92-1D2DF5D47FB9}"
EndProject
Project("{8BC9CEB8-8B4A-11D0-8D11-00A0C91BC942}") = "example_mapple", "examples\example_mapple\example_mapple.vcxproj", "{22648A96-A8C4-4F12-9911-DD34406210AF}"
EndProject
Project("{2150E333-8FDC-42A3-9474-1A3956D46DE8}") = "examples", "examples", "{9361F013-D7EC-4055-AFEF-B8980119FA81}"
EndProject
Project("{2150E333-8FDC-42A3-9474-1A3956D46DE8}") = "Easy3D", "Easy3D", "{3B203975-23A5-4ABD-8E78-B9FB3970C751}"
EndProject
Project("{8BC9CEB8-8B4A-11D0-8D11-00A0C91BC942}") = "model", "easy3d\model\model.vcxproj", "{3D2DE591-27A2-427A-9599-83389F1750F1}"
EndProject
Project("{8BC9CEB8-8B4A-11D0-8D11-00A0C91BC942}") = "window", "easy3d\window\window.vcxproj", "{BAC217BB-B308-4BEB-B839-B8819FAFE349}"
EndProject
Project("{8BC9CEB8-8B4A-11D0-8D11-00A0C91BC942}") = "core", "easy3d\core\core.vcxproj", "{5DC20538-FB02-4040-BC6A-F0BD3E6CE44B}"
EndProject
Project("{2150E333-8FDC-42A3-9474-1A3956D46DE8}") = "Solution Items", "Solution Items", "{03907917-673C-4FFD-B972-B0483E077B42}"
	ProjectSection(SolutionItems) = preProject
		ToDo.txt = ToDo.txt
	EndProjectSection
EndProject
Global
	GlobalSection(SolutionConfigurationPlatforms) = preSolution
		Debug|x64 = Debug|x64
		Debug|x86 = Debug|x86
		Release|x64 = Release|x64
		Release|x86 = Release|x86
	EndGlobalSection
	GlobalSection(ProjectConfigurationPlatforms) = postSolution
		{E9F585C7-563C-3DB0-9CA0-9142ACAB6ADA}.Debug|x64.ActiveCfg = Debug|x64
		{E9F585C7-563C-3DB0-9CA0-9142ACAB6ADA}.Debug|x64.Build.0 = Debug|x64
		{E9F585C7-563C-3DB0-9CA0-9142ACAB6ADA}.Debug|x86.ActiveCfg = Debug|x64
		{E9F585C7-563C-3DB0-9CA0-9142ACAB6ADA}.Release|x64.ActiveCfg = Release|x64
		{E9F585C7-563C-3DB0-9CA0-9142ACAB6ADA}.Release|x64.Build.0 = Release|x64
		{E9F585C7-563C-3DB0-9CA0-9142ACAB6ADA}.Release|x86.ActiveCfg = Release|x64
		{87C5D918-DE1B-43D4-9227-2EE71C8B02D2}.Debug|x64.ActiveCfg = Debug|x64
		{87C5D918-DE1B-43D4-9227-2EE71C8B02D2}.Debug|x64.Build.0 = Debug|x64
		{87C5D918-DE1B-43D4-9227-2EE71C8B02D2}.Debug|x86.ActiveCfg = Debug|x64
		{87C5D918-DE1B-43D4-9227-2EE71C8B02D2}.Release|x64.ActiveCfg = Release|x64
		{87C5D918-DE1B-43D4-9227-2EE71C8B02D2}.Release|x64.Build.0 = Release|x64
		{87C5D918-DE1B-43D4-9227-2EE71C8B02D2}.Release|x86.ActiveCfg = Release|x64
		{EE0CA6C2-EAE2-4C71-9F4A-77F2805BF9BD}.Debug|x64.ActiveCfg = Debug|x64
		{EE0CA6C2-EAE2-4C71-9F4A-77F2805BF9BD}.Debug|x64.Build.0 = Debug|x64
		{EE0CA6C2-EAE2-4C71-9F4A-77F2805BF9BD}.Debug|x86.ActiveCfg = Debug|x64
		{EE0CA6C2-EAE2-4C71-9F4A-77F2805BF9BD}.Release|x64.ActiveCfg = Release|x64
		{EE0CA6C2-EAE2-4C71-9F4A-77F2805BF9BD}.Release|x64.Build.0 = Release|x64
		{EE0CA6C2-EAE2-4C71-9F4A-77F2805BF9BD}.Release|x86.ActiveCfg = Release|x64
		{4A1FB5EA-22F5-42A8-AB92-1D2DF5D47FB9}.Debug|x64.ActiveCfg = Debug|x64
		{4A1FB5EA-22F5-42A8-AB92-1D2DF5D47FB9}.Debug|x64.Build.0 = Debug|x64
		{4A1FB5EA-22F5-42A8-AB92-1D2DF5D47FB9}.Debug|x86.ActiveCfg = Debug|x64
		{4A1FB5EA-22F5-42A8-AB92-1D2DF5D47FB9}.Release|x64.ActiveCfg = Release|x64
		{4A1FB5EA-22F5-42A8-AB92-1D2DF5D47FB9}.Release|x64.Build.0 = Release|x64
		{4A1FB5EA-22F5-42A8-AB92-1D2DF5D47FB9}.Release|x86.ActiveCfg = Release|x64
		{22648A96-A8C4-4F12-9911-DD34406210AF}.Debug|x64.ActiveCfg = Debug|x64
		{22648A96-A8C4-4F12-9911-DD34406210AF}.Debug|x64.Build.0 = Debug|x64
		{22648A96-A8C4-4F12-9911-DD34406210AF}.Debug|x86.ActiveCfg = Debug|x64
		{22648A96-A8C4-4F12-9911-DD34406210AF}.Release|x64.ActiveCfg = Release|x64
		{22648A96-A8C4-4F12-9911-DD34406210AF}.Release|x64.Build.0 = Release|x64
		{22648A96-A8C4-4F12-9911-DD34406210AF}.Release|x86.ActiveCfg = Release|x64
		{3D2DE591-27A2-427A-9599-83389F1750F1}.Debug|x64.ActiveCfg = Debug|x64
		{3D2DE591-27A2-427A-9599-83389F1750F1}.Debug|x64.Build.0 = Debug|x64
		{3D2DE591-27A2-427A-9599-83389F1750F1}.Debug|x86.ActiveCfg = Debug|x64
		{3D2DE591-27A2-427A-9599-83389F1750F1}.Release|x64.ActiveCfg = Release|x64
		{3D2DE591-27A2-427A-9599-83389F1750F1}.Release|x64.Build.0 = Release|x64
		{3D2DE591-27A2-427A-9599-83389F1750F1}.Release|x86.ActiveCfg = Release|x64
		{BAC217BB-B308-4BEB-B839-B8819FAFE349}.Debug|x64.ActiveCfg = Debug|x64
		{BAC217BB-B308-4BEB-B839-B8819FAFE349}.Debug|x64.Build.0 = Debug|x64
		{BAC217BB-B308-4BEB-B839-B8819FAFE349}.Debug|x86.ActiveCfg = Debug|x64
		{BAC217BB-B308-4BEB-B839-B8819FAFE349}.Release|x64.ActiveCfg = Release|x64
		{BAC217BB-B308-4BEB-B839-B8819FAFE349}.Release|x64.Build.0 = Release|x64
		{BAC217BB-B308-4BEB-B839-B8819FAFE349}.Release|x86.ActiveCfg = Release|x64
		{5DC20538-FB02-4040-BC6A-F0BD3E6CE44B}.Debug|x64.ActiveCfg = Debug|x64
		{5DC20538-FB02-4040-BC6A-F0BD3E6CE44B}.Debug|x64.Build.0 = Debug|x64
		{5DC20538-FB02-4040-BC6A-F0BD3E6CE44B}.Debug|x86.ActiveCfg = Debug|x64
		{5DC20538-FB02-4040-BC6A-F0BD3E6CE44B}.Release|x64.ActiveCfg = Release|x64
		{5DC20538-FB02-4040-BC6A-F0BD3E6CE44B}.Release|x64.Build.0 = Release|x64
		{5DC20538-FB02-4040-BC6A-F0BD3E6CE44B}.Release|x86.ActiveCfg = Release|x64
	EndGlobalSection
	GlobalSection(SolutionProperties) = preSolution
		HideSolutionNode = FALSE
	EndGlobalSection
	GlobalSection(NestedProjects) = preSolution
		{E9F585C7-563C-3DB0-9CA0-9142ACAB6ADA} = {D46159FA-C744-4BEC-8CB6-CD801DDF7883}
		{87C5D918-DE1B-43D4-9227-2EE71C8B02D2} = {D46159FA-C744-4BEC-8CB6-CD801DDF7883}
		{EE0CA6C2-EAE2-4C71-9F4A-77F2805BF9BD} = {D46159FA-C744-4BEC-8CB6-CD801DDF7883}
		{4A1FB5EA-22F5-42A8-AB92-1D2DF5D47FB9} = {9361F013-D7EC-4055-AFEF-B8980119FA81}
		{22648A96-A8C4-4F12-9911-DD34406210AF} = {9361F013-D7EC-4055-AFEF-B8980119FA81}
		{3D2DE591-27A2-427A-9599-83389F1750F1} = {3B203975-23A5-4ABD-8E78-B9FB3970C751}
		{BAC217BB-B308-4BEB-B839-B8819FAFE349} = {3B203975-23A5-4ABD-8E78-B9FB3970C751}
		{5DC20538-FB02-4040-BC6A-F0BD3E6CE44B} = {3B203975-23A5-4ABD-8E78-B9FB3970C751}
	EndGlobalSection
	GlobalSection(ExtensibilityGlobals) = postSolution
		SolutionGuid = {9C4871EA-71EF-4C85-8330-3BE59E52600B}
	EndGlobalSection
EndGlobal
