
Microsoft Visual Studio Solution File, Format Version 12.00
# Visual Studio 15
VisualStudioVersion = 15.0.28010.2050
MinimumVisualStudioVersion = 10.0.40219.1
Project("{2150E333-8FDC-42A3-9474-1A3956D46DE8}") = "3rd_party", "3rd_party", "{D46159FA-C744-4BEC-8CB6-CD801DDF7883}"
EndProject
Project("{8BC9CEB8-8B4A-11D0-8D11-00A0C91BC942}") = "glfw", "3rd_party\glfw\build\glfw.vcxproj", "{E9F585C7-563C-3DB0-9CA0-9142ACAB6ADA}"
EndProject
Project("{8BC9CEB8-8B4A-11D0-8D11-00A0C91BC942}") = "imgui", "3rd_party\imgui\build\imgui.vcxproj", "{87C5D918-DE1B-43D4-9227-2EE71C8B02D2}"
EndProject
Project("{8BC9CEB8-8B4A-11D0-8D11-00A0C91BC942}") = "glew", "3rd_party\glew\glew.vcxproj", "{EE0CA6C2-EAE2-4C71-9F4A-77F2805BF9BD}"
EndProject
Project("{8BC9CEB8-8B4A-11D0-8D11-00A0C91BC942}") = "easy3d_basic_viewer", "src\viewer.vcxproj", "{5DC20538-FB02-4040-BC6A-F0BD3E6CE44B}"
EndProject
Project("{8BC9CEB8-8B4A-11D0-8D11-00A0C91BC942}") = "easy3d_viewer", "src\viewer_imgui.vcxproj", "{BAC217BB-B308-4BEB-B839-B8819FAFE349}"
EndProject
Project("{8BC9CEB8-8B4A-11D0-8D11-00A0C91BC942}") = "example_imgui", "examples\example_imgui\example_imgui.vcxproj", "{4A1FB5EA-22F5-42A8-AB92-1D2DF5D47FB9}"
EndProject
Project("{8BC9CEB8-8B4A-11D0-8D11-00A0C91BC942}") = "example_mapple", "examples\example_mapple\example_mapple.vcxproj", "{22648A96-A8C4-4F12-9911-DD34406210AF}"
EndProject
Global
	GlobalSection(SolutionConfigurationPlatforms) = preSolution
		Debug|Win32 = Debug|Win32
		Debug|x64 = Debug|x64
		Release|Win32 = Release|Win32
		Release|x64 = Release|x64
	EndGlobalSection
	GlobalSection(ProjectConfigurationPlatforms) = postSolution
		{E9F585C7-563C-3DB0-9CA0-9142ACAB6ADA}.Debug|Win32.ActiveCfg = Debug|x64
		{E9F585C7-563C-3DB0-9CA0-9142ACAB6ADA}.Debug|x64.ActiveCfg = Debug|x64
		{E9F585C7-563C-3DB0-9CA0-9142ACAB6ADA}.Debug|x64.Build.0 = Debug|x64
		{E9F585C7-563C-3DB0-9CA0-9142ACAB6ADA}.Release|Win32.ActiveCfg = Release|x64
		{E9F585C7-563C-3DB0-9CA0-9142ACAB6ADA}.Release|x64.ActiveCfg = Release|x64
		{E9F585C7-563C-3DB0-9CA0-9142ACAB6ADA}.Release|x64.Build.0 = Release|x64
		{87C5D918-DE1B-43D4-9227-2EE71C8B02D2}.Debug|Win32.ActiveCfg = Debug|x64
		{87C5D918-DE1B-43D4-9227-2EE71C8B02D2}.Debug|x64.ActiveCfg = Debug|x64
		{87C5D918-DE1B-43D4-9227-2EE71C8B02D2}.Debug|x64.Build.0 = Debug|x64
		{87C5D918-DE1B-43D4-9227-2EE71C8B02D2}.Release|Win32.ActiveCfg = Release|x64
		{87C5D918-DE1B-43D4-9227-2EE71C8B02D2}.Release|x64.ActiveCfg = Release|x64
		{87C5D918-DE1B-43D4-9227-2EE71C8B02D2}.Release|x64.Build.0 = Release|x64
		{EE0CA6C2-EAE2-4C71-9F4A-77F2805BF9BD}.Debug|Win32.ActiveCfg = Debug|x64
		{EE0CA6C2-EAE2-4C71-9F4A-77F2805BF9BD}.Debug|x64.ActiveCfg = Debug|x64
		{EE0CA6C2-EAE2-4C71-9F4A-77F2805BF9BD}.Debug|x64.Build.0 = Debug|x64
		{EE0CA6C2-EAE2-4C71-9F4A-77F2805BF9BD}.Release|Win32.ActiveCfg = Release|x64
		{EE0CA6C2-EAE2-4C71-9F4A-77F2805BF9BD}.Release|x64.ActiveCfg = Release|x64
		{EE0CA6C2-EAE2-4C71-9F4A-77F2805BF9BD}.Release|x64.Build.0 = Release|x64
		{5DC20538-FB02-4040-BC6A-F0BD3E6CE44B}.Debug|Win32.ActiveCfg = Debug|x64
		{5DC20538-FB02-4040-BC6A-F0BD3E6CE44B}.Debug|x64.ActiveCfg = Debug|x64
		{5DC20538-FB02-4040-BC6A-F0BD3E6CE44B}.Debug|x64.Build.0 = Debug|x64
		{5DC20538-FB02-4040-BC6A-F0BD3E6CE44B}.Release|Win32.ActiveCfg = Release|x64
		{5DC20538-FB02-4040-BC6A-F0BD3E6CE44B}.Release|x64.ActiveCfg = Release|x64
		{5DC20538-FB02-4040-BC6A-F0BD3E6CE44B}.Release|x64.Build.0 = Release|x64
		{BAC217BB-B308-4BEB-B839-B8819FAFE349}.Debug|Win32.ActiveCfg = Debug|x64
		{BAC217BB-B308-4BEB-B839-B8819FAFE349}.Debug|x64.ActiveCfg = Debug|x64
		{BAC217BB-B308-4BEB-B839-B8819FAFE349}.Debug|x64.Build.0 = Debug|x64
		{BAC217BB-B308-4BEB-B839-B8819FAFE349}.Release|Win32.ActiveCfg = Release|x64
		{BAC217BB-B308-4BEB-B839-B8819FAFE349}.Release|x64.ActiveCfg = Release|x64
		{BAC217BB-B308-4BEB-B839-B8819FAFE349}.Release|x64.Build.0 = Release|x64
		{4A1FB5EA-22F5-42A8-AB92-1D2DF5D47FB9}.Debug|Win32.ActiveCfg = Debug|x64
		{4A1FB5EA-22F5-42A8-AB92-1D2DF5D47FB9}.Debug|x64.ActiveCfg = Debug|x64
		{4A1FB5EA-22F5-42A8-AB92-1D2DF5D47FB9}.Debug|x64.Build.0 = Debug|x64
		{4A1FB5EA-22F5-42A8-AB92-1D2DF5D47FB9}.Release|Win32.ActiveCfg = Release|x64
		{4A1FB5EA-22F5-42A8-AB92-1D2DF5D47FB9}.Release|x64.ActiveCfg = Release|x64
		{4A1FB5EA-22F5-42A8-AB92-1D2DF5D47FB9}.Release|x64.Build.0 = Release|x64
		{22648A96-A8C4-4F12-9911-DD34406210AF}.Debug|Win32.ActiveCfg = Debug|x64
		{22648A96-A8C4-4F12-9911-DD34406210AF}.Debug|x64.ActiveCfg = Debug|x64
		{22648A96-A8C4-4F12-9911-DD34406210AF}.Debug|x64.Build.0 = Debug|x64
		{22648A96-A8C4-4F12-9911-DD34406210AF}.Release|Win32.ActiveCfg = Release|x64
		{22648A96-A8C4-4F12-9911-DD34406210AF}.Release|x64.ActiveCfg = Release|x64
		{22648A96-A8C4-4F12-9911-DD34406210AF}.Release|x64.Build.0 = Release|x64
	EndGlobalSection
	GlobalSection(SolutionProperties) = preSolution
		HideSolutionNode = FALSE
	EndGlobalSection
	GlobalSection(NestedProjects) = preSolution
		{E9F585C7-563C-3DB0-9CA0-9142ACAB6ADA} = {D46159FA-C744-4BEC-8CB6-CD801DDF7883}
		{87C5D918-DE1B-43D4-9227-2EE71C8B02D2} = {D46159FA-C744-4BEC-8CB6-CD801DDF7883}
		{EE0CA6C2-EAE2-4C71-9F4A-77F2805BF9BD} = {D46159FA-C744-4BEC-8CB6-CD801DDF7883}
	EndGlobalSection
	GlobalSection(ExtensibilityGlobals) = postSolution
		SolutionGuid = {9C4871EA-71EF-4C85-8330-3BE59E52600B}
	EndGlobalSection
EndGlobal
