<?xml version="1.0" encoding="utf-8"?>
<Project ToolsVersion="4.0" xmlns="http://schemas.microsoft.com/developer/msbuild/2003">
  <ItemGroup>
    <Filter Include="Source Files">
      <UniqueIdentifier>{4FC737F1-C7A5-4376-A066-2A32D752A2FF}</UniqueIdentifier>
      <Extensions>cpp;c;cc;cxx;def;odl;idl;hpj;bat;asm;asmx</Extensions>
    </Filter>
    <Filter Include="Header Files">
      <UniqueIdentifier>{93995380-89BD-4b04-88EB-625FBE52EBFB}</UniqueIdentifier>
      <Extensions>h;hh;hpp;hxx;hm;inl;inc;xsd</Extensions>
    </Filter>
    <Filter Include="Resource Files">
      <UniqueIdentifier>{D9D6E242-F8AF-46E4-B9FD-80ECBC20BA3E}</UniqueIdentifier>
      <Extensions>qrc;*</Extensions>
      <ParseFiles>false</ParseFiles>
    </Filter>
    <Filter Include="Generated Files">
      <UniqueIdentifier>{71ED8ED8-ACB9-4CE9-BBE1-E00B30144E11}</UniqueIdentifier>
      <Extensions>moc;h;cpp</Extensions>
      <ParseFiles>true</ParseFiles>
    </Filter>
    <Filter Include="Form Files">
      <UniqueIdentifier>{99349809-55BA-4b9d-BF79-8FDBB0286EB3}</UniqueIdentifier>
      <Extensions>ui</Extensions>
      <ParseFiles>true</ParseFiles>
    </Filter>
    <Filter Include="Generated Files\ReleaseWithDebugInfo">
      <UniqueIdentifier>{e361ec7d-9158-4cc6-8705-705d95807bfc}</UniqueIdentifier>
      <Extensions>cpp;moc</Extensions>
      <SourceControlFiles>False</SourceControlFiles>
    </Filter>
    <Filter Include="Generated Files\Debug">
      <UniqueIdentifier>{57a705a2-4510-441e-b9fd-def256bf9cc3}</UniqueIdentifier>
      <Extensions>cpp;moc</Extensions>
      <SourceControlFiles>False</SourceControlFiles>
    </Filter>
    <Filter Include="Generated Files\Release">
      <UniqueIdentifier>{d5925ef4-d9eb-4733-b33e-30b4636f01bb}</UniqueIdentifier>
      <Extensions>cpp;moc</Extensions>
      <SourceControlFiles>False</SourceControlFiles>
    </Filter>
  </ItemGroup>
  <ItemGroup>
    <CustomBuild Include="camera.h">
      <Filter>Header Files</Filter>
    </CustomBuild>
    <CustomBuild Include="config.h">
      <Filter>Header Files</Filter>
    </CustomBuild>
    <CustomBuild Include="constraint.h">
      <Filter>Header Files</Filter>
    </CustomBuild>
    <CustomBuild Include="domUtils.h">
      <Filter>Header Files</Filter>
    </CustomBuild>
    <CustomBuild Include="frame.h">
      <Filter>Header Files</Filter>
    </CustomBuild>
    <CustomBuild Include="ImageInterface.h">
      <Filter>Header Files</Filter>
    </CustomBuild>
    <CustomBuild Include="keyFrameInterpolator.h">
      <Filter>Header Files</Filter>
    </CustomBuild>
    <CustomBuild Include="manipulatedCameraFrame.h">
      <Filter>Header Files</Filter>
    </CustomBuild>
    <CustomBuild Include="manipulatedFrame.h">
      <Filter>Header Files</Filter>
    </CustomBuild>
    <CustomBuild Include="mouseGrabber.h">
      <Filter>Header Files</Filter>
    </CustomBuild>
    <CustomBuild Include="qglviewer.h">
      <Filter>Header Files</Filter>
    </CustomBuild>
    <CustomBuild Include="quaternion.h">
      <Filter>Header Files</Filter>
    </CustomBuild>
    <CustomBuild Include="vec.h">
      <Filter>Header Files</Filter>
    </CustomBuild>
    <CustomBuild Include="VRender\AxisAlignedBox.h">
      <Filter>Header Files</Filter>
    </CustomBuild>
    <CustomBuild Include="VRender\Exporter.h">
      <Filter>Header Files</Filter>
    </CustomBuild>
    <CustomBuild Include="VRender\gpc.h">
      <Filter>Header Files</Filter>
    </CustomBuild>
    <CustomBuild Include="VRender\NVector3.h">
      <Filter>Header Files</Filter>
    </CustomBuild>
    <CustomBuild Include="VRender\Optimizer.h">
      <Filter>Header Files</Filter>
    </CustomBuild>
    <CustomBuild Include="VRender\ParserGL.h">
      <Filter>Header Files</Filter>
    </CustomBuild>
    <CustomBuild Include="VRender\Primitive.h">
      <Filter>Header Files</Filter>
    </CustomBuild>
    <CustomBuild Include="VRender\PrimitivePositioning.h">
      <Filter>Header Files</Filter>
    </CustomBuild>
    <CustomBuild Include="VRender\SortMethod.h">
      <Filter>Header Files</Filter>
    </CustomBuild>
    <CustomBuild Include="VRender\Types.h">
      <Filter>Header Files</Filter>
    </CustomBuild>
    <CustomBuild Include="VRender\Vector2.h">
      <Filter>Header Files</Filter>
    </CustomBuild>
    <CustomBuild Include="VRender\Vector3.h">
      <Filter>Header Files</Filter>
    </CustomBuild>
    <CustomBuild Include="VRender\VRender.h">
      <Filter>Header Files</Filter>
    </CustomBuild>
    <CustomBuild Include="ImageInterface.ui">
      <Filter>Form Files</Filter>
    </CustomBuild>
    <CustomBuild Include="qglviewer-icon.xpm" />
    <CustomBuild Include="qglviewer.icns" />
    <CustomBuild Include="qglviewer_fr.qm" />
    <CustomBuild Include="qglviewer_fr.ts" />
    <CustomBuild Include="VRenderInterface.ui">
      <Filter>Form Files</Filter>
    </CustomBuild>
    <CustomBuild Include="GeneratedFiles\ui_VRenderInterface.h">
      <Filter>Generated Files</Filter>
    </CustomBuild>
    <CustomBuild Include="GeneratedFiles\ui_ImageInterface.h">
      <Filter>Generated Files</Filter>
    </CustomBuild>
  </ItemGroup>
  <ItemGroup>
    <ClCompile Include="camera.cpp">
      <Filter>Source Files</Filter>
    </ClCompile>
    <ClCompile Include="constraint.cpp">
      <Filter>Source Files</Filter>
    </ClCompile>
    <ClCompile Include="frame.cpp">
      <Filter>Source Files</Filter>
    </ClCompile>
    <ClCompile Include="ImageInterface.cpp">
      <Filter>Source Files</Filter>
    </ClCompile>
    <ClCompile Include="keyFrameInterpolator.cpp">
      <Filter>Source Files</Filter>
    </ClCompile>
    <ClCompile Include="manipulatedCameraFrame.cpp">
      <Filter>Source Files</Filter>
    </ClCompile>
    <ClCompile Include="manipulatedFrame.cpp">
      <Filter>Source Files</Filter>
    </ClCompile>
    <ClCompile Include="mouseGrabber.cpp">
      <Filter>Source Files</Filter>
    </ClCompile>
    <ClCompile Include="qglviewer.cpp">
      <Filter>Source Files</Filter>
    </ClCompile>
    <ClCompile Include="quaternion.cpp">
      <Filter>Source Files</Filter>
    </ClCompile>
    <ClCompile Include="saveSnapshot.cpp">
      <Filter>Source Files</Filter>
    </ClCompile>
    <ClCompile Include="vec.cpp">
      <Filter>Source Files</Filter>
    </ClCompile>
    <ClCompile Include="VRender\BackFaceCullingOptimizer.cpp">
      <Filter>Source Files</Filter>
    </ClCompile>
    <ClCompile Include="VRender\BSPSortMethod.cpp">
      <Filter>Source Files</Filter>
    </ClCompile>
    <ClCompile Include="VRender\EPSExporter.cpp">
      <Filter>Source Files</Filter>
    </ClCompile>
    <ClCompile Include="VRender\Exporter.cpp">
      <Filter>Source Files</Filter>
    </ClCompile>
    <ClCompile Include="VRender\FIGExporter.cpp">
      <Filter>Source Files</Filter>
    </ClCompile>
    <ClCompile Include="VRender\gpc.cpp">
      <Filter>Source Files</Filter>
    </ClCompile>
    <ClCompile Include="VRender\NVector3.cpp">
      <Filter>Source Files</Filter>
    </ClCompile>
    <ClCompile Include="VRender\ParserGL.cpp">
      <Filter>Source Files</Filter>
    </ClCompile>
    <ClCompile Include="VRender\Primitive.cpp">
      <Filter>Source Files</Filter>
    </ClCompile>
    <ClCompile Include="VRender\PrimitivePositioning.cpp">
      <Filter>Source Files</Filter>
    </ClCompile>
    <ClCompile Include="VRender\TopologicalSortMethod.cpp">
      <Filter>Source Files</Filter>
    </ClCompile>
    <ClCompile Include="VRender\Vector2.cpp">
      <Filter>Source Files</Filter>
    </ClCompile>
    <ClCompile Include="VRender\Vector3.cpp">
      <Filter>Source Files</Filter>
    </ClCompile>
    <ClCompile Include="VRender\VisibilityOptimizer.cpp">
      <Filter>Source Files</Filter>
    </ClCompile>
    <ClCompile Include="VRender\VRender.cpp">
      <Filter>Source Files</Filter>
    </ClCompile>
    <ClCompile Include="GeneratedFiles\Debug\moc_camera.cpp">
      <Filter>Generated Files\Debug</Filter>
    </ClCompile>
    <ClCompile Include="GeneratedFiles\Debug\moc_frame.cpp">
      <Filter>Generated Files\Debug</Filter>
    </ClCompile>
    <ClCompile Include="GeneratedFiles\Debug\moc_ImageInterface.cpp">
      <Filter>Generated Files\Debug</Filter>
    </ClCompile>
    <ClCompile Include="GeneratedFiles\Debug\moc_keyFrameInterpolator.cpp">
      <Filter>Generated Files\Debug</Filter>
    </ClCompile>
    <ClCompile Include="GeneratedFiles\Debug\moc_manipulatedCameraFrame.cpp">
      <Filter>Generated Files\Debug</Filter>
    </ClCompile>
    <ClCompile Include="GeneratedFiles\Debug\moc_manipulatedFrame.cpp">
      <Filter>Generated Files\Debug</Filter>
    </ClCompile>
    <ClCompile Include="GeneratedFiles\Debug\moc_qglviewer.cpp">
      <Filter>Generated Files\Debug</Filter>
    </ClCompile>
    <ClCompile Include="GeneratedFiles\Release\moc_camera.cpp">
      <Filter>Generated Files\Release</Filter>
    </ClCompile>
    <ClCompile Include="GeneratedFiles\Release\moc_frame.cpp">
      <Filter>Generated Files\Release</Filter>
    </ClCompile>
    <ClCompile Include="GeneratedFiles\Release\moc_ImageInterface.cpp">
      <Filter>Generated Files\Release</Filter>
    </ClCompile>
    <ClCompile Include="GeneratedFiles\Release\moc_keyFrameInterpolator.cpp">
      <Filter>Generated Files\Release</Filter>
    </ClCompile>
    <ClCompile Include="GeneratedFiles\Release\moc_manipulatedCameraFrame.cpp">
      <Filter>Generated Files\Release</Filter>
    </ClCompile>
    <ClCompile Include="GeneratedFiles\Release\moc_manipulatedFrame.cpp">
      <Filter>Generated Files\Release</Filter>
    </ClCompile>
    <ClCompile Include="GeneratedFiles\Release\moc_qglviewer.cpp">
      <Filter>Generated Files\Release</Filter>
    </ClCompile>
  </ItemGroup>
</Project>